
Microsoft Visual Studio Solution File, Format Version 12.00
# Visual Studio 15
VisualStudioVersion = 15.0.26403.7
MinimumVisualStudioVersion = 10.0.40219.1
Project("{2150E333-8FDC-42A3-9474-1A3956D46DE8}") = "src", "src", "{0666E616-E749-4E1D-ADF4-D736EAEEFC50}"
EndProject
Project("{2150E333-8FDC-42A3-9474-1A3956D46DE8}") = "Solution Items", "Solution Items", "{DC52FF28-41EF-4844-B7A4-7A0B3F7998D8}"
EndProject
Project("{9A19103F-16F7-4668-BE54-9A1E7A4F7556}") = "ImageSuperResolution.Web", "src\ImageSuperResolution.Web\ImageSuperResolution.Web.csproj", "{702CD196-ECEB-4D44-BE4E-EADE937E8128}"
EndProject
Project("{9A19103F-16F7-4668-BE54-9A1E7A4F7556}") = "ImageSuperResolution.SRCNN.Handler", "src\ImageSuperResolution.SRCNN.Handler\ImageSuperResolution.SRCNN.Handler.csproj", "{0373D2B1-69B3-404C-8C08-51A353A15439}"
EndProject
Project("{FAE04EC0-301F-11D3-BF4B-00C04F79EFBC}") = "ImageSuperResolution.SRCNN.WinService", "ImageSuperResolution.SRCNN.WinService\ImageSuperResolution.SRCNN.WinService.csproj", "{37798874-5A32-4CC1-BC1A-27843C32874F}"
EndProject
Project("{9A19103F-16F7-4668-BE54-9A1E7A4F7556}") = "ImageSuperResolution.SRCNN.ConsoleApp", "src\ImageSuperResolution.SRCNN.ConsoleApp\ImageSuperResolution.SRCNN.ConsoleApp.csproj", "{88871A7E-DA04-40CD-B18D-C0DE35695364}"
EndProject
Project("{9A19103F-16F7-4668-BE54-9A1E7A4F7556}") = "ImageSuperResolution.Common", "ImageSuperResolution.Common\ImageSuperResolution.Common.csproj", "{42A178EC-3EBF-4B08-B884-0639A50D0D52}"
EndProject
Global
	GlobalSection(SolutionConfigurationPlatforms) = preSolution
		Debug|Any CPU = Debug|Any CPU
		Release|Any CPU = Release|Any CPU
	EndGlobalSection
	GlobalSection(ProjectConfigurationPlatforms) = postSolution
		{702CD196-ECEB-4D44-BE4E-EADE937E8128}.Debug|Any CPU.ActiveCfg = Debug|Any CPU
		{702CD196-ECEB-4D44-BE4E-EADE937E8128}.Debug|Any CPU.Build.0 = Debug|Any CPU
		{702CD196-ECEB-4D44-BE4E-EADE937E8128}.Release|Any CPU.ActiveCfg = Release|Any CPU
		{702CD196-ECEB-4D44-BE4E-EADE937E8128}.Release|Any CPU.Build.0 = Release|Any CPU
		{0373D2B1-69B3-404C-8C08-51A353A15439}.Debug|Any CPU.ActiveCfg = Debug|Any CPU
		{0373D2B1-69B3-404C-8C08-51A353A15439}.Debug|Any CPU.Build.0 = Debug|Any CPU
		{0373D2B1-69B3-404C-8C08-51A353A15439}.Release|Any CPU.ActiveCfg = Release|Any CPU
		{0373D2B1-69B3-404C-8C08-51A353A15439}.Release|Any CPU.Build.0 = Release|Any CPU
		{37798874-5A32-4CC1-BC1A-27843C32874F}.Debug|Any CPU.ActiveCfg = Debug|Any CPU
		{37798874-5A32-4CC1-BC1A-27843C32874F}.Debug|Any CPU.Build.0 = Debug|Any CPU
		{37798874-5A32-4CC1-BC1A-27843C32874F}.Release|Any CPU.ActiveCfg = Release|Any CPU
		{37798874-5A32-4CC1-BC1A-27843C32874F}.Release|Any CPU.Build.0 = Release|Any CPU
		{88871A7E-DA04-40CD-B18D-C0DE35695364}.Debug|Any CPU.ActiveCfg = Debug|Any CPU
		{88871A7E-DA04-40CD-B18D-C0DE35695364}.Debug|Any CPU.Build.0 = Debug|Any CPU
		{88871A7E-DA04-40CD-B18D-C0DE35695364}.Release|Any CPU.ActiveCfg = Release|Any CPU
		{88871A7E-DA04-40CD-B18D-C0DE35695364}.Release|Any CPU.Build.0 = Release|Any CPU
		{42A178EC-3EBF-4B08-B884-0639A50D0D52}.Debug|Any CPU.ActiveCfg = Debug|Any CPU
		{42A178EC-3EBF-4B08-B884-0639A50D0D52}.Debug|Any CPU.Build.0 = Debug|Any CPU
		{42A178EC-3EBF-4B08-B884-0639A50D0D52}.Release|Any CPU.ActiveCfg = Release|Any CPU
		{42A178EC-3EBF-4B08-B884-0639A50D0D52}.Release|Any CPU.Build.0 = Release|Any CPU
	EndGlobalSection
	GlobalSection(SolutionProperties) = preSolution
		HideSolutionNode = FALSE
	EndGlobalSection
	GlobalSection(NestedProjects) = preSolution
		{702CD196-ECEB-4D44-BE4E-EADE937E8128} = {0666E616-E749-4E1D-ADF4-D736EAEEFC50}
		{0373D2B1-69B3-404C-8C08-51A353A15439} = {0666E616-E749-4E1D-ADF4-D736EAEEFC50}
		{37798874-5A32-4CC1-BC1A-27843C32874F} = {0666E616-E749-4E1D-ADF4-D736EAEEFC50}
		{88871A7E-DA04-40CD-B18D-C0DE35695364} = {0666E616-E749-4E1D-ADF4-D736EAEEFC50}
		{42A178EC-3EBF-4B08-B884-0639A50D0D52} = {0666E616-E749-4E1D-ADF4-D736EAEEFC50}
	EndGlobalSection
EndGlobal
